lockfileVersion: '9.0'

settings:
  autoInstallPeers: true
  excludeLinksFromLockfile: false

importers:

  .:
    devDependencies:
      lefthook:
        specifier: ^2.1.4
        version: 2.1.4

packages:

  lefthook-darwin-arm64@2.1.4:
    resolution: {integrity: sha512-BUAAE9+rUrjr39a+wH/1zHmGrDdwUQ2Yq/z6BQbM/yUb9qtXBRcQ5eOXxApqWW177VhGBpX31aqIlfAZ5Q7wzw==}
    cpu: [arm64]
    os: [darwin]

  lefthook-darwin-x64@2.1.4:
    resolution: {integrity: sha512-K1ncIMEe84fe+ss1hQNO7rIvqiKy2TJvTFpkypvqFodT7mJXZn7GLKYTIXdIuyPAYthRa9DwFnx5uMoHwD2F1Q==}
    cpu: [x64]
    os: [darwin]

  lefthook-freebsd-arm64@2.1.4:
    resolution: {integrity: sha512-PVUhjOhVN71YaYsVdQyNbFZ4a2jFB2Tg5hKrrn9kaWpx64aLz/XivLjwr8sEuTaP1GRlEWBpW6Bhrcsyo39qFw==}
    cpu: [arm64]
    os: [freebsd]

  lefthook-freebsd-x64@2.1.4:
    resolution: {integrity: sha512-ZWV9o/LeyWNEBoVO+BhLqxH3rGTba05nkm5NvMjEFSj7LbUNUDbQmupZwtHl1OMGJO66eZP0CalzRfUH6GhBxQ==}
    cpu: [x64]
    os: [freebsd]

  lefthook-linux-arm64@2.1.4:
    resolution: {integrity: sha512-iWN0pGnTjrIvNIcSI1vQBJXUbybTqJ5CLMniPA0olabMXQfPDrdMKVQe+mgdwHK+E3/Y0H0ZNL3lnOj6Sk6szA==}
    cpu: [arm64]
    os: [linux]

  lefthook-linux-x64@2.1.4:
    resolution: {integrity: sha512-96bTBE/JdYgqWYAJDh+/e/0MaxJ25XTOAk7iy/fKoZ1ugf6S0W9bEFbnCFNooXOcxNVTan5xWKfcjJmPIKtsJA==}
    cpu: [x64]
    os: [linux]

  lefthook-openbsd-arm64@2.1.4:
    resolution: {integrity: sha512-oYUoK6AIJNEr9lUSpIMj6g7sWzotvtc3ryw7yoOyQM6uqmEduw73URV/qGoUcm4nqqmR93ZalZwR2r3Gd61zvw==}
    cpu: [arm64]
    os: [openbsd]

  lefthook-openbsd-x64@2.1.4:
    resolution: {integrity: sha512-i/Dv9Jcm68y9cggr1PhyUhOabBGP9+hzQPoiyOhKks7y9qrJl79A8XfG6LHekSuYc2VpiSu5wdnnrE1cj2nfTg==}
    cpu: [x64]
    os: [openbsd]

  lefthook-windows-arm64@2.1.4:
    resolution: {integrity: sha512-hSww7z+QX4YMnw2lK7DMrs3+w7NtxksuMKOkCKGyxUAC/0m1LAICo0ZbtdDtZ7agxRQQQ/SEbzFRhU5ysNcbjA==}
    cpu: [arm64]
    os: [win32]

  lefthook-windows-x64@2.1.4:
    resolution: {integrity: sha512-eE68LwnogxwcPgGsbVGPGxmghyMGmU9SdGwcc+uhGnUxPz1jL89oECMWJNc36zjVK24umNeDAzB5KA3lw1MuWw==}
    cpu: [x64]
    os: [win32]

  lefthook@2.1.4:
    resolution: {integrity: sha512-JNfJ5gAn0KADvJ1I6/xMcx70+/6TL6U9gqGkKvPw5RNMfatC7jIg0Evl97HN846xmfz959BV70l8r3QsBJk30w==}
    hasBin: true

snapshots:

  lefthook-darwin-arm64@2.1.4:
    optional: true

  lefthook-darwin-x64@2.1.4:
    optional: true

  lefthook-freebsd-arm64@2.1.4:
    optional: true

  lefthook-freebsd-x64@2.1.4:
    optional: true

  lefthook-linux-arm64@2.1.4:
    optional: true

  lefthook-linux-x64@2.1.4:
    optional: true

  lefthook-openbsd-arm64@2.1.4:
    optional: true

  lefthook-openbsd-x64@2.1.4:
    optional: true

  lefthook-windows-arm64@2.1.4:
    optional: true

  lefthook-windows-x64@2.1.4:
    optional: true

  lefthook@2.1.4:
    optionalDependencies:
      lefthook-darwin-arm64: 2.1.4
      lefthook-darwin-x64: 2.1.4
      lefthook-freebsd-arm64: 2.1.4
      lefthook-freebsd-x64: 2.1.4
      lefthook-linux-arm64: 2.1.4
      lefthook-linux-x64: 2.1.4
      lefthook-openbsd-arm64: 2.1.4
      lefthook-openbsd-x64: 2.1.4
      lefthook-windows-arm64: 2.1.4
      lefthook-windows-x64: 2.1.4
